
Microsoft Visual Studio Solution File, Format Version 12.00
# Visual Studio Version 16
VisualStudioVersion = 16.0.30517.126
MinimumVisualStudioVersion = 10.0.40219.1
Project("{FAE04EC0-301F-11D3-BF4B-00C04F79EFBC}") = "RemoveDuplicatesfromSortedArray", "RemoveDuplicatesfromSortedArray.csproj", "{FC9BB87E-ED24-4A02-943A-33130D65B1BC}"
EndProject
Global
	GlobalSection(SolutionConfigurationPlatforms) = preSolution
		Debug|Any CPU = Debug|Any CPU
		Release|Any CPU = Release|Any CPU
	EndGlobalSection
	GlobalSection(ProjectConfigurationPlatforms) = postSolution
		{FC9BB87E-ED24-4A02-943A-33130D65B1BC}.Debug|Any CPU.ActiveCfg = Debug|Any CPU
		{FC9BB87E-ED24-4A02-943A-33130D65B1BC}.Debug|Any CPU.Build.0 = Debug|Any CPU
		{FC9BB87E-ED24-4A02-943A-33130D65B1BC}.Release|Any CPU.ActiveCfg = Release|Any CPU
		{FC9BB87E-ED24-4A02-943A-33130D65B1BC}.Release|Any CPU.Build.0 = Release|Any CPU
	EndGlobalSection
	GlobalSection(SolutionProperties) = preSolution
		HideSolutionNode = FALSE
	EndGlobalSection
	GlobalSection(ExtensibilityGlobals) = postSolution
		SolutionGuid = {A4B57BE4-D2A0-4440-99E7-5D7431487B7A}
	EndGlobalSection
EndGlobal
